Microsoft Visual Studio Solution File, Format Version 12.00
# Visual Studio Version 17
VisualStudioVersion = 17.13.35825.156
MinimumVisualStudioVersion = 10.0.40219.1
Project("{FAE04EC0-301F-11D3-BF4B-00C04F79EFBC}") = "MicroservicePatterns.AppHost", "MicroservicePatterns.AppHost\MicroservicePatterns.AppHost.csproj", "{A7D30E64-73FC-4ACA-AB09-6DEF4942A848}"
EndProject
Project("{FAE04EC0-301F-11D3-BF4B-00C04F79EFBC}") = "MicroservicePatterns.ServiceDefaults", "MicroservicePatterns.ServiceDefaults\MicroservicePatterns.ServiceDefaults.csproj", "{96348D5C-63D6-9C18-23C0-E0A9D8938CA0}"
EndProject
Project("{2150E333-8FDC-42A3-9474-1A3956D46DE8}") = "patterns", "patterns", "{02EA681E-C7D8-13C7-8484-4AC65E1B71E8}"
EndProject
Project("{2150E333-8FDC-42A3-9474-1A3956D46DE8}") = "CQRS", "CQRS", "{F5EC37D1-C448-4E41-A13B-AA45835291FC}"
EndProject
Project("{FAE04EC0-301F-11D3-BF4B-00C04F79EFBC}") = "CQRS.Library.BorrowerService", "patterns\CQRS\CQRS.Library.BorrowerService\CQRS.Library.BorrowerService.csproj", "{2E08388B-0FAD-B9C1-BD7E-FB18BD96C3B6}"
EndProject
Project("{FAE04EC0-301F-11D3-BF4B-00C04F79EFBC}") = "EventBus", "EventBus\EventBus.csproj", "{AF9E387D-9019-4750-B67C-E883E21B7B95}"
EndProject
Project("{FAE04EC0-301F-11D3-BF4B-00C04F79EFBC}") = "EventBus.Kafka", "EventBus.Kafka\EventBus.Kafka.csproj", "{B36C74D5-D1DB-428D-8DCC-76C5A5D44EAA}"
EndProject
Project("{FAE04EC0-301F-11D3-BF4B-00C04F79EFBC}") = "CQRS.Library.BookService", "patterns\CQRS\CQRS.Library.BookService\CQRS.Library.BookService.csproj", "{5D5986C4-A60F-48A2-BB82-808C94F4205C}"
EndProject
Project("{FAE04EC0-301F-11D3-BF4B-00C04F79EFBC}") = "CQRS.Library.BorrowingService", "patterns\CQRS\CQRS.Library.BorrowingService\CQRS.Library.BorrowingService.csproj", "{9E4BD21A-5E9E-42B6-9746-D6AC685DF65F}"
EndProject
Project("{FAE04EC0-301F-11D3-BF4B-00C04F79EFBC}") = "CQRS.Library.BorrowingHistoryService", "patterns\CQRS\CQRS.Library.BorrowingHistoryService\CQRS.Library.BorrowingHistoryService.csproj", "{D73F2B02-70D0-47F7-8373-3A8AFB0E2BF5}"
EndProject
Project("{FAE04EC0-301F-11D3-BF4B-00C04F79EFBC}") = "MicroservicePatterns.Shared", "MicroservicePatterns.Shared\MicroservicePatterns.Shared.csproj", "{B12A0ACC-99C9-48AA-82C6-228CE4CACA84}"
EndProject
Project("{FAE04EC0-301F-11D3-BF4B-00C04F79EFBC}") = "CQRS.Library.IntegrationEvents", "patterns\CQRS\CQRS.Library.IntegrationEvents\CQRS.Library.IntegrationEvents.csproj", "{5E8A0457-5BC8-4492-941E-55C6B5A7541C}"
EndProject
Project("{2150E333-8FDC-42A3-9474-1A3956D46DE8}") = "Saga", "Saga", "{34650080-5C06-4A32-A233-762F74E439C6}"
EndProject
Project("{FAE04EC0-301F-11D3-BF4B-00C04F79EFBC}") = "Saga.OnlineStore.CatalogService", "patterns\Saga\Saga.OnlineStore.CatalogService\Saga.OnlineStore.CatalogService.csproj", "{55111346-F33E-BDBD-FB9A-33A01BA4098E}"
EndProject
Project("{FAE04EC0-301F-11D3-BF4B-00C04F79EFBC}") = "Saga.OnlineStore.IntegrationEvents", "patterns\Saga\Saga.OnlineStore.IntegrationEvents\Saga.OnlineStore.IntegrationEvents.csproj", "{A6FCF5EF-B48A-4793-AB1F-CD1727E94D16}"
EndProject
Project("{FAE04EC0-301F-11D3-BF4B-00C04F79EFBC}") = "Saga.OnlineStore.InventoryService", "patterns\Saga\Saga.OnlineStore.InventoryService\Saga.OnlineStore.InventoryService.csproj", "{BC6AC2DC-5561-877D-D8ED-6F56835F9CE9}"
EndProject
Project("{FAE04EC0-301F-11D3-BF4B-00C04F79EFBC}") = "MicroservicePatterns.DatabaseMigrationHelpers", "MicroservicePatterns.DatabaseMigrationHelpers\MicroservicePatterns.DatabaseMigrationHelpers.csproj", "{BD3FBB88-B240-47B8-B630-A7B8B2799280}"
EndProject
Project("{FAE04EC0-301F-11D3-BF4B-00C04F79EFBC}") = "Saga.OnlineStore.PaymentService", "patterns\Saga\Saga.OnlineStore.PaymentService\Saga.OnlineStore.PaymentService.csproj", "{FD8FECEE-7C5D-45A9-985E-E2AFFAA40F66}"
EndProject
Project("{2150E333-8FDC-42A3-9474-1A3956D46DE8}") = "tests", "tests", "{C813FA6F-4F99-42E6-9520-4C1BA4BBBF76}"
EndProject
Project("{FAE04EC0-301F-11D3-BF4B-00C04F79EFBC}") = "IntegrationTests", "tests\IntegrationTests\IntegrationTests.csproj", "{D531943A-52D9-4D1C-9F6B-6150E23CC187}"
EndProject
Project("{FAE04EC0-301F-11D3-BF4B-00C04F79EFBC}") = "Saga.OnlineStore.OrderService", "patterns\Saga\Saga.OnlineStore.OrderService\Saga.OnlineStore.OrderService.csproj", "{D2749EF2-8146-5BB7-E2E1-B53AA09F2A7C}"
EndProject
Project("{FAE04EC0-301F-11D3-BF4B-00C04F79EFBC}") = "Saga.UnitTests", "tests\Saga.UnitTests\Saga.UnitTests.csproj", "{F370F418-9F8F-41C8-9E69-7EF4F386BE60}"
EndProject
Project("{FAE04EC0-301F-11D3-BF4B-00C04F79EFBC}") = "TestHelpers", "tests\TestHelpers\TestHelpers.csproj", "{995362C4-ADC2-4F4C-894B-A429BC541F1A}"
EndProject
Global
	GlobalSection(SolutionConfigurationPlatforms) = preSolution
		Debug|Any CPU = Debug|Any CPU
		Release|Any CPU = Release|Any CPU
	EndGlobalSection
	GlobalSection(ProjectConfigurationPlatforms) = postSolution
		{A7D30E64-73FC-4ACA-AB09-6DEF4942A848}.Debug|Any CPU.ActiveCfg = Debug|Any CPU
		{A7D30E64-73FC-4ACA-AB09-6DEF4942A848}.Debug|Any CPU.Build.0 = Debug|Any CPU
		{A7D30E64-73FC-4ACA-AB09-6DEF4942A848}.Release|Any CPU.ActiveCfg = Release|Any CPU
		{A7D30E64-73FC-4ACA-AB09-6DEF4942A848}.Release|Any CPU.Build.0 = Release|Any CPU
		{96348D5C-63D6-9C18-23C0-E0A9D8938CA0}.Debug|Any CPU.ActiveCfg = Debug|Any CPU
		{96348D5C-63D6-9C18-23C0-E0A9D8938CA0}.Debug|Any CPU.Build.0 = Debug|Any CPU
		{96348D5C-63D6-9C18-23C0-E0A9D8938CA0}.Release|Any CPU.ActiveCfg = Release|Any CPU
		{96348D5C-63D6-9C18-23C0-E0A9D8938CA0}.Release|Any CPU.Build.0 = Release|Any CPU
		{2E08388B-0FAD-B9C1-BD7E-FB18BD96C3B6}.Debug|Any CPU.ActiveCfg = Debug|Any CPU
		{2E08388B-0FAD-B9C1-BD7E-FB18BD96C3B6}.Debug|Any CPU.Build.0 = Debug|Any CPU
		{2E08388B-0FAD-B9C1-BD7E-FB18BD96C3B6}.Release|Any CPU.ActiveCfg = Release|Any CPU
		{2E08388B-0FAD-B9C1-BD7E-FB18BD96C3B6}.Release|Any CPU.Build.0 = Release|Any CPU
		{AF9E387D-9019-4750-B67C-E883E21B7B95}.Debug|Any CPU.ActiveCfg = Debug|Any CPU
		{AF9E387D-9019-4750-B67C-E883E21B7B95}.Debug|Any CPU.Build.0 = Debug|Any CPU
		{AF9E387D-9019-4750-B67C-E883E21B7B95}.Release|Any CPU.ActiveCfg = Release|Any CPU
		{AF9E387D-9019-4750-B67C-E883E21B7B95}.Release|Any CPU.Build.0 = Release|Any CPU
		{B36C74D5-D1DB-428D-8DCC-76C5A5D44EAA}.Debug|Any CPU.ActiveCfg = Debug|Any CPU
		{B36C74D5-D1DB-428D-8DCC-76C5A5D44EAA}.Debug|Any CPU.Build.0 = Debug|Any CPU
		{B36C74D5-D1DB-428D-8DCC-76C5A5D44EAA}.Release|Any CPU.ActiveCfg = Release|Any CPU
		{B36C74D5-D1DB-428D-8DCC-76C5A5D44EAA}.Release|Any CPU.Build.0 = Release|Any CPU
		{5D5986C4-A60F-48A2-BB82-808C94F4205C}.Debug|Any CPU.ActiveCfg = Debug|Any CPU
		{5D5986C4-A60F-48A2-BB82-808C94F4205C}.Debug|Any CPU.Build.0 = Debug|Any CPU
		{5D5986C4-A60F-48A2-BB82-808C94F4205C}.Release|Any CPU.ActiveCfg = Release|Any CPU
		{5D5986C4-A60F-48A2-BB82-808C94F4205C}.Release|Any CPU.Build.0 = Release|Any CPU
		{9E4BD21A-5E9E-42B6-9746-D6AC685DF65F}.Debug|Any CPU.ActiveCfg = Debug|Any CPU
		{9E4BD21A-5E9E-42B6-9746-D6AC685DF65F}.Debug|Any CPU.Build.0 = Debug|Any CPU
		{9E4BD21A-5E9E-42B6-9746-D6AC685DF65F}.Release|Any CPU.ActiveCfg = Release|Any CPU
		{9E4BD21A-5E9E-42B6-9746-D6AC685DF65F}.Release|Any CPU.Build.0 = Release|Any CPU
		{D73F2B02-70D0-47F7-8373-3A8AFB0E2BF5}.Debug|Any CPU.ActiveCfg = Debug|Any CPU
		{D73F2B02-70D0-47F7-8373-3A8AFB0E2BF5}.Debug|Any CPU.Build.0 = Debug|Any CPU
		{D73F2B02-70D0-47F7-8373-3A8AFB0E2BF5}.Release|Any CPU.ActiveCfg = Release|Any CPU
		{D73F2B02-70D0-47F7-8373-3A8AFB0E2BF5}.Release|Any CPU.Build.0 = Release|Any CPU
		{B12A0ACC-99C9-48AA-82C6-228CE4CACA84}.Debug|Any CPU.ActiveCfg = Debug|Any CPU
		{B12A0ACC-99C9-48AA-82C6-228CE4CACA84}.Debug|Any CPU.Build.0 = Debug|Any CPU
		{B12A0ACC-99C9-48AA-82C6-228CE4CACA84}.Release|Any CPU.ActiveCfg = Release|Any CPU
		{B12A0ACC-99C9-48AA-82C6-228CE4CACA84}.Release|Any CPU.Build.0 = Release|Any CPU
		{5E8A0457-5BC8-4492-941E-55C6B5A7541C}.Debug|Any CPU.ActiveCfg = Debug|Any CPU
		{5E8A0457-5BC8-4492-941E-55C6B5A7541C}.Debug|Any CPU.Build.0 = Debug|Any CPU
		{5E8A0457-5BC8-4492-941E-55C6B5A7541C}.Release|Any CPU.ActiveCfg = Release|Any CPU
		{5E8A0457-5BC8-4492-941E-55C6B5A7541C}.Release|Any CPU.Build.0 = Release|Any CPU
		{55111346-F33E-BDBD-FB9A-33A01BA4098E}.Debug|Any CPU.ActiveCfg = Debug|Any CPU
		{55111346-F33E-BDBD-FB9A-33A01BA4098E}.Debug|Any CPU.Build.0 = Debug|Any CPU
		{55111346-F33E-BDBD-FB9A-33A01BA4098E}.Release|Any CPU.ActiveCfg = Release|Any CPU
		{55111346-F33E-BDBD-FB9A-33A01BA4098E}.Release|Any CPU.Build.0 = Release|Any CPU
		{A6FCF5EF-B48A-4793-AB1F-CD1727E94D16}.Debug|Any CPU.ActiveCfg = Debug|Any CPU
		{A6FCF5EF-B48A-4793-AB1F-CD1727E94D16}.Debug|Any CPU.Build.0 = Debug|Any CPU
		{A6FCF5EF-B48A-4793-AB1F-CD1727E94D16}.Release|Any CPU.ActiveCfg = Release|Any CPU
		{A6FCF5EF-B48A-4793-AB1F-CD1727E94D16}.Release|Any CPU.Build.0 = Release|Any CPU
		{BC6AC2DC-5561-877D-D8ED-6F56835F9CE9}.Debug|Any CPU.ActiveCfg = Debug|Any CPU
		{BC6AC2DC-5561-877D-D8ED-6F56835F9CE9}.Debug|Any CPU.Build.0 = Debug|Any CPU
		{BC6AC2DC-5561-877D-D8ED-6F56835F9CE9}.Release|Any CPU.ActiveCfg = Release|Any CPU
		{BC6AC2DC-5561-877D-D8ED-6F56835F9CE9}.Release|Any CPU.Build.0 = Release|Any CPU
		{BD3FBB88-B240-47B8-B630-A7B8B2799280}.Debug|Any CPU.ActiveCfg = Debug|Any CPU
		{BD3FBB88-B240-47B8-B630-A7B8B2799280}.Debug|Any CPU.Build.0 = Debug|Any CPU
		{BD3FBB88-B240-47B8-B630-A7B8B2799280}.Release|Any CPU.ActiveCfg = Release|Any CPU
		{BD3FBB88-B240-47B8-B630-A7B8B2799280}.Release|Any CPU.Build.0 = Release|Any CPU
		{FD8FECEE-7C5D-45A9-985E-E2AFFAA40F66}.Debug|Any CPU.ActiveCfg = Debug|Any CPU
		{FD8FECEE-7C5D-45A9-985E-E2AFFAA40F66}.Debug|Any CPU.Build.0 = Debug|Any CPU
		{FD8FECEE-7C5D-45A9-985E-E2AFFAA40F66}.Release|Any CPU.ActiveCfg = Release|Any CPU
		{FD8FECEE-7C5D-45A9-985E-E2AFFAA40F66}.Release|Any CPU.Build.0 = Release|Any CPU
		{D531943A-52D9-4D1C-9F6B-6150E23CC187}.Debug|Any CPU.ActiveCfg = Debug|Any CPU
		{D531943A-52D9-4D1C-9F6B-6150E23CC187}.Debug|Any CPU.Build.0 = Debug|Any CPU
		{D531943A-52D9-4D1C-9F6B-6150E23CC187}.Release|Any CPU.ActiveCfg = Release|Any CPU
		{D531943A-52D9-4D1C-9F6B-6150E23CC187}.Release|Any CPU.Build.0 = Release|Any CPU
		{D2749EF2-8146-5BB7-E2E1-B53AA09F2A7C}.Debug|Any CPU.ActiveCfg = Debug|Any CPU
		{D2749EF2-8146-5BB7-E2E1-B53AA09F2A7C}.Debug|Any CPU.Build.0 = Debug|Any CPU
		{D2749EF2-8146-5BB7-E2E1-B53AA09F2A7C}.Release|Any CPU.ActiveCfg = Release|Any CPU
		{D2749EF2-8146-5BB7-E2E1-B53AA09F2A7C}.Release|Any CPU.Build.0 = Release|Any CPU
		{F370F418-9F8F-41C8-9E69-7EF4F386BE60}.Debug|Any CPU.ActiveCfg = Debug|Any CPU
		{F370F418-9F8F-41C8-9E69-7EF4F386BE60}.Debug|Any CPU.Build.0 = Debug|Any CPU
		{F370F418-9F8F-41C8-9E69-7EF4F386BE60}.Release|Any CPU.ActiveCfg = Release|Any CPU
		{F370F418-9F8F-41C8-9E69-7EF4F386BE60}.Release|Any CPU.Build.0 = Release|Any CPU
		{995362C4-ADC2-4F4C-894B-A429BC541F1A}.Debug|Any CPU.ActiveCfg = Debug|Any CPU
		{995362C4-ADC2-4F4C-894B-A429BC541F1A}.Debug|Any CPU.Build.0 = Debug|Any CPU
		{995362C4-ADC2-4F4C-894B-A429BC541F1A}.Release|Any CPU.ActiveCfg = Release|Any CPU
		{995362C4-ADC2-4F4C-894B-A429BC541F1A}.Release|Any CPU.Build.0 = Release|Any CPU
	EndGlobalSection
	GlobalSection(SolutionProperties) = preSolution
		HideSolutionNode = FALSE
	EndGlobalSection
	GlobalSection(NestedProjects) = preSolution
		{F5EC37D1-C448-4E41-A13B-AA45835291FC} = {02EA681E-C7D8-13C7-8484-4AC65E1B71E8}
		{2E08388B-0FAD-B9C1-BD7E-FB18BD96C3B6} = {F5EC37D1-C448-4E41-A13B-AA45835291FC}
		{5D5986C4-A60F-48A2-BB82-808C94F4205C} = {F5EC37D1-C448-4E41-A13B-AA45835291FC}
		{9E4BD21A-5E9E-42B6-9746-D6AC685DF65F} = {F5EC37D1-C448-4E41-A13B-AA45835291FC}
		{D73F2B02-70D0-47F7-8373-3A8AFB0E2BF5} = {F5EC37D1-C448-4E41-A13B-AA45835291FC}
		{5E8A0457-5BC8-4492-941E-55C6B5A7541C} = {F5EC37D1-C448-4E41-A13B-AA45835291FC}
		{34650080-5C06-4A32-A233-762F74E439C6} = {02EA681E-C7D8-13C7-8484-4AC65E1B71E8}
		{55111346-F33E-BDBD-FB9A-33A01BA4098E} = {34650080-5C06-4A32-A233-762F74E439C6}
		{A6FCF5EF-B48A-4793-AB1F-CD1727E94D16} = {34650080-5C06-4A32-A233-762F74E439C6}
		{BC6AC2DC-5561-877D-D8ED-6F56835F9CE9} = {34650080-5C06-4A32-A233-762F74E439C6}
		{FD8FECEE-7C5D-45A9-985E-E2AFFAA40F66} = {34650080-5C06-4A32-A233-762F74E439C6}
		{D531943A-52D9-4D1C-9F6B-6150E23CC187} = {C813FA6F-4F99-42E6-9520-4C1BA4BBBF76}
		{D2749EF2-8146-5BB7-E2E1-B53AA09F2A7C} = {34650080-5C06-4A32-A233-762F74E439C6}
		{F370F418-9F8F-41C8-9E69-7EF4F386BE60} = {C813FA6F-4F99-42E6-9520-4C1BA4BBBF76}
		{995362C4-ADC2-4F4C-894B-A429BC541F1A} = {C813FA6F-4F99-42E6-9520-4C1BA4BBBF76}
	EndGlobalSection
	GlobalSection(ExtensibilityGlobals) = postSolution
		SolutionGuid = {2A6D38EF-43A8-421A-9D76-87B6E1656DF5}
	EndGlobalSection
EndGlobal
